{
    "imagine/imagine": {
        "version": "1.2.4"
    },
    "kornrunner/keccak": {
        "version": "1.1.0"
    },
    "liip/imagine-bundle": {
        "version": "1.8",
        "recipe": {
            "repo": "github.com/symfony/recipes-contrib",
            "branch": "master",
            "version": "1.8",
            "ref": "5a5bdc2d0e2533ed6935d5ae562f2b318a8fc1ee"
        },
        "files": [
            "config/packages/liip_imagine.yaml",
            "config/routes/liip_imagine.yaml"
        ]
    },
    "paragonie/constant_time_encoding": {
        "version": "v2.4.0"
    },
    "paragonie/random_compat": {
        "version": "v9.99.100"
    },
    "phpseclib/phpseclib": {
        "version": "3.0.4"
    },
    "symfony/webpack-encore-bundle": {
        "version": "1.9",
        "recipe": {
            "repo": "github.com/symfony/recipes",
            "branch": "master",
            "version": "1.9",
            "ref": "9399a0bfc6ee7a0c019f952bca46d6a6045dd451"
        },
        "files": [
            "assets/app.js",
            "assets/bootstrap.js",
            "assets/controllers.json",
            "assets/controllers/hello_controller.js",
            "assets/styles/app.css",
            "config/packages/assets.yaml",
            "config/packages/prod/webpack_encore.yaml",
            "config/packages/test/webpack_encore.yaml",
            "config/packages/webpack_encore.yaml",
            "package.json",
            "webpack.config.js"
        ]
    },
    "twig/string-extra": {
        "version": "v3.3.0"
    }
}
